
Microsoft Visual Studio Solution File, Format Version 12.00
# Visual Studio Version 16
VisualStudioVersion = 16.0.30002.166
MinimumVisualStudioVersion = 10.0.40219.1
Project("{9A19103F-16F7-4668-BE54-9A1E7A4F7556}") = "Beltzac.HelloWorld.Application", "Beltzac.HelloWorld.Application\Beltzac.HelloWorld.Application.csproj", "{7ADC6AA4-255A-473C-AFD0-7E0DD4104F8F}"
EndProject
Project("{9A19103F-16F7-4668-BE54-9A1E7A4F7556}") = "Beltzac.HelloWorld.Domain", "Beltzac.HelloWorld.Domain\Beltzac.HelloWorld.Domain.csproj", "{E2BC2276-ED31-40F9-8F2C-2A07F555E0B1}"
EndProject
Project("{9A19103F-16F7-4668-BE54-9A1E7A4F7556}") = "Beltzac.HelloWorld.IoC", "Beltzac.HelloWorld.IoC\Beltzac.HelloWorld.IoC.csproj", "{27F8DE3F-5844-4C36-B1BD-B77C8BAF85B5}"
EndProject
Project("{9A19103F-16F7-4668-BE54-9A1E7A4F7556}") = "Beltzac.HelloWorld.Infrastructure", "Beltzac.HelloWorld.Infrastructure\Beltzac.HelloWorld.Infrastructure.csproj", "{0941853C-3A83-492A-9000-7FE1A58554BC}"
EndProject
Global
	GlobalSection(SolutionConfigurationPlatforms) = preSolution
		Debug|Any CPU = Debug|Any CPU
		Release|Any CPU = Release|Any CPU
	EndGlobalSection
	GlobalSection(ProjectConfigurationPlatforms) = postSolution
		{7ADC6AA4-255A-473C-AFD0-7E0DD4104F8F}.Debug|Any CPU.ActiveCfg = Debug|Any CPU
		{7ADC6AA4-255A-473C-AFD0-7E0DD4104F8F}.Debug|Any CPU.Build.0 = Debug|Any CPU
		{7ADC6AA4-255A-473C-AFD0-7E0DD4104F8F}.Release|Any CPU.ActiveCfg = Release|Any CPU
		{7ADC6AA4-255A-473C-AFD0-7E0DD4104F8F}.Release|Any CPU.Build.0 = Release|Any CPU
		{E2BC2276-ED31-40F9-8F2C-2A07F555E0B1}.Debug|Any CPU.ActiveCfg = Debug|Any CPU
		{E2BC2276-ED31-40F9-8F2C-2A07F555E0B1}.Debug|Any CPU.Build.0 = Debug|Any CPU
		{E2BC2276-ED31-40F9-8F2C-2A07F555E0B1}.Release|Any CPU.ActiveCfg = Release|Any CPU
		{E2BC2276-ED31-40F9-8F2C-2A07F555E0B1}.Release|Any CPU.Build.0 = Release|Any CPU
		{27F8DE3F-5844-4C36-B1BD-B77C8BAF85B5}.Debug|Any CPU.ActiveCfg = Debug|Any CPU
		{27F8DE3F-5844-4C36-B1BD-B77C8BAF85B5}.Debug|Any CPU.Build.0 = Debug|Any CPU
		{27F8DE3F-5844-4C36-B1BD-B77C8BAF85B5}.Release|Any CPU.ActiveCfg = Release|Any CPU
		{27F8DE3F-5844-4C36-B1BD-B77C8BAF85B5}.Release|Any CPU.Build.0 = Release|Any CPU
		{0941853C-3A83-492A-9000-7FE1A58554BC}.Debug|Any CPU.ActiveCfg = Debug|Any CPU
		{0941853C-3A83-492A-9000-7FE1A58554BC}.Debug|Any CPU.Build.0 = Debug|Any CPU
		{0941853C-3A83-492A-9000-7FE1A58554BC}.Release|Any CPU.ActiveCfg = Release|Any CPU
		{0941853C-3A83-492A-9000-7FE1A58554BC}.Release|Any CPU.Build.0 = Release|Any CPU
	EndGlobalSection
	GlobalSection(SolutionProperties) = preSolution
		HideSolutionNode = FALSE
	EndGlobalSection
	GlobalSection(ExtensibilityGlobals) = postSolution
		SolutionGuid = {1ADCEC78-8503-4448-8302-A4AEE13DF709}
	EndGlobalSection
EndGlobal
